github.com/aws/aws-sdk-go-v2 v1.47.0 h1:0jsHallhJCeaU0Ko48c/3FK1ctOQ7NpzggxriJOQ8MQ=
github.com/aws/aws-sdk-go-v2 v1.47.0/go.mod h1:bttEH6JqnUL8LepvDVfdrds/fZ5bCIxzpe3abyUrhDU=
github.com/aws/aws-sdk-go-v2/aws/protocol/eventstream v1.7.20 h1:GPRlPwz40I2B2VrBEASOA3Bi77NyeqejNLkifosX0rs=
github.com/aws/aws-sdk-go-v2/aws/protocol/eventstream v1.7.20/go.mod h1:g7PNzKcsOKWb4fkSRBA7BZVAS6Y8IcxzN+nRohhQ1Q8=
github.com/aws/aws-sdk-go-v2/config v1.32.7 h1:vxUyWGUwmkQ2g19n7JY/9YL8MfAIl7bTesIUykECXmY=
github.com/aws/aws-sdk-go-v2/config v1.32.7/go.mod h1:2/Qm5vKUU/r7Y+zUk/Ptt2MDAEKAfUtKc1+3U1Mo3oY=
github.com/aws/aws-sdk-go-v2/credentials v1.19.7 h1:tHK47VqqtJxOymRrNtUXN5SP/zUTvZKeLx4tH6PGQc8=
github.com/aws/aws-sdk-go-v2/credentials v1.19.7/go.mod h1:qOZk8sPDrxhf+4Wf4oT2urYJrYt3RejHSzgAquYeppw=
github.com/aws/aws-sdk-go-v2/feature/ec2/imds v1.18.17 h1:I0GyV8wiYrP8XpA70g1HBcQO1JlQxCMTW9npl5UbDHY=
github.com/aws/aws-sdk-go-v2/feature/ec2/imds v1.18.17/go.mod h1:tyw7BOl5bBe/oqvoIeECFJjMdzXoa/dfVz3QQ5lgHGA=
github.com/aws/aws-sdk-go-v2/internal/configsources v1.5.3 h1:Hp/VgjP0BysR3OgLlR057Vz2LcbbVnoWeJ+3qWiS/fY=
github.com/aws/aws-sdk-go-v2/internal/configsources v1.5.3/go.mod h1:nwGV5qw7F1IZPgxCvA/ph8N2TAuz+BkRG/bXn808qMA=
github.com/aws/aws-sdk-go-v2/internal/endpoints/v2 v2.8.3 h1:MUaM4f+kj1ZIBPZfUS8cxP1GKXXZtHJjAthy93AN7SM=
github.com/aws/aws-sdk-go-v2/internal/endpoints/v2 v2.8.3/go.mod h1:6YmVmEVRI5ZZzRjCSsb9SryKH0hAlMRdgA7kG9aDvBU=
github.com/aws/aws-sdk-go-v2/internal/ini v1.8.4 h1:WKuaxf++XKWlHWu9ECbMlha8WOEGm0OUEZqm4K/Gcfk=
github.com/aws/aws-sdk-go-v2/internal/ini v1.8.4/go.mod h1:ZWy7j6v1vWGmPReu0iSGvRiise4YI5SkR3OHKTZ6Wuc=
github.com/aws/aws-sdk-go-v2/internal/v4a v1.5.3 h1:fuSCw4Z2qfRCztMPO3GXJNSiEp6Wee+WOLwrHHUMy9c=
github.com/aws/aws-sdk-go-v2/internal/v4a v1.5.3/go.mod h1:6SxcHheD1pPR5+kWm1wGvjlL/YqUsh267sAfEmN4K7A=
github.com/aws/aws-sdk-go-v2/service/apigatewayv2 v1.42.0 h1:nEXWFo6Dn3Ul0mS2uA6rlBmM0yz2bhqD9CCgiUKvENQ=
github.com/aws/aws-sdk-go-v2/service/apigatewayv2 v1.42.0/go.mod h1:225ayquQQEfDBpkWbIYpN/JMBAA/pG5vyECRkrilvbI=
github.com/aws/aws-sdk-go-v2/service/athena v1.66.0 h1:yGKwA5TyFb0tBKa1+byMbzFzBlW/UIFpCEQJ7KcV28c=
github.com/aws/aws-sdk-go-v2/service/athena v1.66.0/go.mod h1:j8OCGk/z/vfyinafVEKlb9aTADhofCK2/j3oOXsWn7U=
github.com/aws/aws-sdk-go-v2/service/backup v1.65.0 h1:fWz+6hRwjmnJKtiXPBbJZutpmTCGePLgmZ0fbUL9tFc=
github.com/aws/aws-sdk-go-v2/service/backup v1.65.0/go.mod h1:QEaFmDCzYNbpo7/gAmsRnShieasyDJSy9oM/x/iFIE0=
github.com/aws/aws-sdk-go-v2/service/cloudwatch v1.72.0 h1:BAVXU2PW/FQZUWdTZ9VQZPpbCF711hEQ0l6bW8FKl1I=
github.com/aws/aws-sdk-go-v2/service/cloudwatch v1.72.0/go.mod h1:4ZX78yzuIXJ78KT4eiKxQ7bUUm/Oe5xWvKzWFoL6x+g=
github.com/aws/aws-sdk-go-v2/service/cloudwatchlogs v1.87.0 h1:qn5nw6rYGLIBnxbOexypxG2eOaMzV389mG4WdUXp0/k=
github.com/aws/aws-sdk-go-v2/service/cloudwatchlogs v1.87.0/go.mod h1:wsz6uFaBRCfqWjNLeBH0jutf0ek8CQGVCO/QSTWZl54=
github.com/aws/aws-sdk-go-v2/service/dynamodb v1.68.0 h1:b1D6b5N6cIwLKP54WxDMQyRiRxzCPfcrvMJQbG1Oozs=
github.com/aws/aws-sdk-go-v2/service/dynamodb v1.68.0/go.mod h1:d7bRXj2c3K52qdd62I1c0o+ua/44QScJFj6EP0ufZeI=
github.com/aws/aws-sdk-go-v2/service/ec2 v1.332.0 h1:T9rFYUxhZEBmnIgrzKZjd/0xMsWRF+brY/Gpgf5rc40=
github.com/aws/aws-sdk-go-v2/service/ec2 v1.332.0/go.mod h1:2o5yJcnWuaBOsnNqlO1reYs1OQffFkqf2xJ2mmMWNH4=
github.com/aws/aws-sdk-go-v2/service/ecr v1.65.0 h1:k2IY7d2YZW6eY3jgTL5szmtmnpZgCvHhbhSC59714p8=
github.com/aws/aws-sdk-go-v2/service/ecr v1.65.0/go.mod h1:iSlv4VibruxMhWfiKrNbn97Yjhe2855EFrgUitSESfM=
github.com/aws/aws-sdk-go-v2/service/ecs v1.98.0 h1:ZJ0AoPUHIc6IzL4wqdECrJYxecuIJhWjIvt1pQc4zpg=
github.com/aws/aws-sdk-go-v2/service/ecs v1.98.0/go.mod h1:n91ZROStH0gUedR5Rh4RKLyHXG+XiDGcEi3rvTt2HCY=
github.com/aws/aws-sdk-go-v2/service/efs v1.49.0 h1:C5YKazI/2RBNaC7VjD3d4iyHlPuM+Hc6ALekEj9DnUs=
github.com/aws/aws-sdk-go-v2/service/efs v1.49.0/go.mod h1:Y1/nJ3u8kA87NuX5bzRVcidansAy04vY7Fr2+4xvtpc=
github.com/aws/aws-sdk-go-v2/service/elasticache v1.61.0 h1:Eo8AmBpMHrqaj84tSbwcC8hOHxKxeCXF+3rITsRilPA=
github.com/aws/aws-sdk-go-v2/service/elasticache v1.61.0/go.mod h1:2K5TXivwtZNbK2r9p+rvLIIkaplloZkJWLAhNJF2XCg=
github.com/aws/aws-sdk-go-v2/service/elasticloadbalancingv2 v1.63.0 h1:1DabWJRKuH0NlRFz46Hjre4JiG1rFveqhJCp6opWcrY=
github.com/aws/aws-sdk-go-v2/service/elasticloadbalancingv2 v1.63.0/go.mod h1:b4kwulEESlsKCSoAFD0PuUJlFskjwct+7odV4wCBJYE=
github.com/aws/aws-sdk-go-v2/service/eventbridge v1.54.0 h1:aSMmkgdgDL7vr8VNAAPU4Ak8r3+mdomp0pfnmC1U91A=
github.com/aws/aws-sdk-go-v2/service/eventbridge v1.54.0/go.mod h1:ORQiOBGYQL5PgFE6xtviANm2mYO0NPMPgDXTItKYiSg=
github.com/aws/aws-sdk-go-v2/service/internal/accept-encoding v1.13.19 h1:bAdDl/HkGCcGPoe25ToSHEw23VIxt6CT5fLcg111BKg=
github.com/aws/aws-sdk-go-v2/service/internal/accept-encoding v1.13.19/go.mod h1:KaUzbLxv4CeSxh6ZCl9B4m7CuFenS8kUEaDs+f/DQr4=
github.com/aws/aws-sdk-go-v2/service/internal/checksum v1.11.3 h1:BHKCSX4QXERe8So8rbWqaM7owqOmDJxATXgJwGng22A=
github.com/aws/aws-sdk-go-v2/service/internal/checksum v1.11.3/go.mod h1:GqWeeKfYfezihA2KfFL9l7ohEdZWe1tuFWh3GfyNSnE=
github.com/aws/aws-sdk-go-v2/service/internal/endpoint-discovery v1.13.3 h1:76FYKEDB9AzQzOaERx6TKaKKS1fxjswzO/cfestdWnI=
github.com/aws/aws-sdk-go-v2/service/internal/endpoint-discovery v1.13.3/go.mod h1:BH5hXFPEK6XdipZfv99bfbjV44tKwyjImyOaB3gIzts=
github.com/aws/aws-sdk-go-v2/service/internal/presigned-url v1.14.3 h1:bON1rJf67TSTDCKg816AAIE4xSTtoo9tl0XRkO72R+I=
github.com/aws/aws-sdk-go-v2/service/internal/presigned-url v1.14.3/go.mod h1:c5BBpjJcQXpfeq9iASyVKA3T6vX6B6LEXY4mL/gklDY=
github.com/aws/aws-sdk-go-v2/service/internal/s3shared v1.20.3 h1:L8vIOxylma91TcR96NFTEC07G3JDwSl+CvK2b+IODms=
github.com/aws/aws-sdk-go-v2/service/internal/s3shared v1.20.3/go.mod h1:fmPIZQzTExYuBNWFyi1P7IoDjvskgphXqK1yObMzusM=
github.com/aws/aws-sdk-go-v2/service/memorydb v1.42.0 h1:EekKI/Kpuycmln63007LExYZ8iI94u62hyQnZbyqNZo=
github.com/aws/aws-sdk-go-v2/service/memorydb v1.42.0/go.mod h1:Zaktqxsv6/6hSzdExvyu8zs+I5op0V6X3CYwrmjfJXw=
github.com/aws/aws-sdk-go-v2/service/rbin v1.35.0 h1:4qyZ3zQmLj0KBlWaD4S2spzPEGgjVE9KrvudyAZL7CU=
github.com/aws/aws-sdk-go-v2/service/rbin v1.35.0/go.mod h1:auOqSPgnNAGHsDgYIq16kZ5Vs+mXuv22CGRdChbziXI=
github.com/aws/aws-sdk-go-v2/service/rds v1.129.0 h1:rfqkLgq6+N4R2+03T8VS6B7yU4l1gx21zaK/v54Qaik=
github.com/aws/aws-sdk-go-v2/service/rds v1.129.0/go.mod h1:UKCSI4ZmISkI7H6ndDvwB64cwzbxJssyHe2wrmX60LU=
github.com/aws/aws-sdk-go-v2/service/resourcegroupstaggingapi v1.34.1 h1:gRoztSAvlZIsAK1chlYW0TsfVha+/KNAgEcxA0VK2Rg=
github.com/aws/aws-sdk-go-v2/service/resourcegroupstaggingapi v1.34.1/go.mod h1:1N13ke5qTtwOiBPXfPtH+MmG5Jo0UAfKnp+OZ2bQahI=
github.com/aws/aws-sdk-go-v2/service/s3 v1.113.0 h1:0slwIjBv1sEigSUW4EfTtNw9mbHl0PlOUPX9Y1C/eLE=
github.com/aws/aws-sdk-go-v2/service/s3 v1.113.0/go.mod h1:/uA+2Qj4jd5qBWagVC1AyzzDFXVK997E7U04w7Kw0wI=
github.com/aws/aws-sdk-go-v2/service/sfn v1.50.0 h1:gWOQdh/7skx9DNiIHbLZebcvu+yDzu6/2ZOg07U8e9Y=
github.com/aws/aws-sdk-go-v2/service/sfn v1.50.0/go.mod h1:pXoS3mP7ir9se2TjwYpijkXWmJos8Ma+4+DB0mgkQLU=
github.com/aws/aws-sdk-go-v2/service/signin v1.0.5 h1:VrhDvQib/i0lxvr3zqlUwLwJP4fpmpyD9wYG1vfSu+Y=
github.com/aws/aws-sdk-go-v2/service/signin v1.0.5/go.mod h1:k029+U8SY30/3/ras4G/Fnv/b88N4mAfliNn08Dem4M=
github.com/aws/aws-sdk-go-v2/service/sns v1.47.0 h1:LG0eB968S17nXOj6wfXasPvRXhlcN0xq26m4kaNbGL4=
github.com/aws/aws-sdk-go-v2/service/sns v1.47.0/go.mod h1:s/NR14+UXkT4NCUvC/GemXuNhd+lhAc2QbnZyTVqxlk=
github.com/aws/aws-sdk-go-v2/service/ssm v1.78.0 h1:+a7gfPhZYdFvMxKwbC51PljAo4L/cdzg2tmtMusRkDE=
github.com/aws/aws-sdk-go-v2/service/ssm v1.78.0/go.mod h1:sCtehdCzGR2L4tFbPq6qnfqX1A86h2Hna8fU10VuTaA=
github.com/aws/aws-sdk-go-v2/service/sso v1.30.9 h1:v6EiMvhEYBoHABfbGB4alOYmCIrcgyPPiBE1wZAEbqk=
github.com/aws/aws-sdk-go-v2/service/sso v1.30.9/go.mod h1:yifAsgBxgJWn3ggx70A3urX2AN49Y5sJTD1UQFlfqBw=
github.com/aws/aws-sdk-go-v2/service/ssooidc v1.35.13 h1:gd84Omyu9JLriJVCbGApcLzVR3XtmC4ZDPcAI6Ftvds=
github.com/aws/aws-sdk-go-v2/service/ssooidc v1.35.13/go.mod h1:sTGThjphYE4Ohw8vJiRStAcu3rbjtXRsdNB0TvZ5wwo=
github.com/aws/aws-sdk-go-v2/service/sts v1.41.6 h1:5fFjR/ToSOzB2OQ/XqWpZBmNvmP/pJ1jOWYlFDJTjRQ=
github.com/aws/aws-sdk-go-v2/service/sts v1.41.6/go.mod h1:qgFDZQSD/Kys7nJnVqYlWKnh0SSdMjAi0uSwON4wgYQ=
github.com/aws/smithy-go v1.28.1 h1:R/nXH00c8qcfCzQVELtRw+eLQWtzv+VAIEFJ1/xxXlQ=
github.com/aws/smithy-go v1.28.1/go.mod h1:YE2RhdIuDbA5E5bTdciG9KrW3+TiEONeUWCqxX9i1Fc=
github.com/cpuguy83/go-md2man/v2 v2.0.6/go.mod h1:oOW0eioCTA6cOiMLiUPZOpcVxMig6NIQQ7OS05n1F4g=
github.com/davecgh/go-spew v1.1.1 h1:vj9j/u1bqnvCEfJOwUhtlOARqs3+rkHYY13jYWTU97c=
github.com/davecgh/go-spew v1.1.1/go.mod h1:J7Y8YcW2NihsgmVo/mv3lAwl/skON4iLHjSsI+c5H38=
github.com/google/go-cmp v0.5.9 h1:O2Tfq5qg4qc4AmwVlvv0oLiVAGB7enBSJ2x2DqQFi38=
github.com/google/go-cmp v0.5.9/go.mod h1:17dUlkBOakJ0+DkrSSNjCkIjxS6bF9zb3elmeNGIjoY=
github.com/inconshreveable/mousetrap v1.1.0 h1:wN+x4NVGpMsO7ErUn/mUI3vEoE6Jt13X2s0bqwp9tc8=
github.com/inconshreveable/mousetrap v1.1.0/go.mod h1:vpF70FUmC8bwa3OWnCshd2FqLfsEA9PFc4w1p2J65bw=
github.com/pmezard/go-difflib v1.0.0 h1:4DBwDE0NGyQoBHbLQYPwSUPoCMWR5BEzIk/f1lZbAQM=
github.com/pmezard/go-difflib v1.0.0/go.mod h1:iKH77koFhYxTK1pcRnkKkqfTogsbg7gZNVY4sRDYZ/4=
github.com/russross/blackfriday/v2 v2.1.0/go.mod h1:+Rmxgy9KzJVeS9/2gXHxylqXiyQDYRxCVz55jmeOWTM=
github.com/spf13/cobra v1.9.1 h1:CXSaggrXdbHK9CF+8ywj8Amf7PBRmPCOJugH954Nnlo=
github.com/spf13/cobra v1.9.1/go.mod h1:nDyEzZ8ogv936Cinf6g1RU9MRY64Ir93oCnqb9wxYW0=
github.com/spf13/pflag v1.0.6 h1:jFzHGLGAlb3ruxLB8MhbI6A8+AQX/2eW4qeyNZXNp2o=
github.com/spf13/pflag v1.0.6/go.mod h1:McXfInJRrz4CZXVZOBLb0bTZqETkiAhM9Iw0y3An2Bg=
github.com/stretchr/testify v1.10.0 h1:Xv5erBjTwe/5IxqUQTdXv5kgmIvbHo3QQyRwhJsOfJA=
github.com/stretchr/testify v1.10.0/go.mod h1:r2ic/lqez/lEtzL7wO/rwa5dbSLXVDPFyf8C91i36aY=
go.yaml.in/yaml/v2 v2.4.2 h1:DzmwEr2rDGHl7lsFgAHxmNz/1NlQ7xLIrlN2h5d1eGI=
go.yaml.in/yaml/v2 v2.4.2/go.mod h1:081UH+NErpNdqlCXm3TtEran0rJZGxAYx9hb/ELlsPU=
go.yaml.in/yaml/v3 v3.0.3 h1:bXOww4E/J3f66rav3pX3m8w6jDE4knZjGOw8b5Y6iNE=
go.yaml.in/yaml/v3 v3.0.3/go.mod h1:tBHosrYAkRZjRAOREWbDnBXUf08JOwYq++0QNwQiWzI=
gopkg.in/check.v1 v0.0.0-20161208181325-20d25e280405 h1:yhCVgyC4o1eVCa2tZl7eS0r+SDo693bJlVdllGtEeKM=
gopkg.in/check.v1 v0.0.0-20161208181325-20d25e280405/go.mod h1:Co6ibVJAznAaIkqp8huTwlJQCZ016jof/cbN4VW5Yz0=
gopkg.in/yaml.v3 v3.0.1 h1:fxVm/GzAzEWqLHuvctI91KS9hhNmmWOoWu0XTYJS7CA=
gopkg.in/yaml.v3 v3.0.1/go.mod h1:K4uyk7z7BCEPqu6E+C64Yfv1cQ7kz7rIZviUmN+EgEM=
sigs.k8s.io/yaml v1.6.0 h1:G8fkbMSAFqgEFgh4b1wmtzDnioxFCUgTZhlbj5P9QYs=
sigs.k8s.io/yaml v1.6.0/go.mod h1:796bPqUfzR/0jLAl6XjHl3Ck7MiyVv8dbTdyT3/pMf4=
